<?xml version="1.0" encoding="utf-8"?>
<Project ToolsVersion="4.0" xmlns="http://schemas.microsoft.com/developer/msbuild/2003">
  <ItemGroup>
    <ClCompile Include="main.cpp" />
    <ClCompile Include="Core\AppFramework.cpp">
      <Filter>Source\Core</Filter>
    </ClCompile>
    <ClCompile Include="Utils\Delegate.cpp">
      <Filter>Source\Utils</Filter>
    </ClCompile>
    <ClCompile Include="AppDebugger.cpp">
      <Filter>Source</Filter>
    </ClCompile>
    <ClCompile Include="Fonts\Dos2000_ru_en.cpp">
      <Filter>Source\Fonts</Filter>
    </ClCompile>
    <ClCompile Include="Core\Fonts.cpp">
      <Filter>Source\Core</Filter>
    </ClCompile>
    <ClCompile Include="Core\SystemTime.cpp">
      <Filter>Source\Core</Filter>
    </ClCompile>
    <ClCompile Include="Utils\Name.cpp">
      <Filter>Source\Utils</Filter>
    </ClCompile>
    <ClCompile Include="Core\TimerManager.cpp">
      <Filter>Source\Core</Filter>
    </ClCompile>
    <ClCompile Include="Devices\IO\Keyboard.cpp">
      <Filter>Source\Devices\IO</Filter>
    </ClCompile>
    <ClCompile Include="Devices\IO\Beeper.cpp">
      <Filter>Source\Devices\IO</Filter>
    </ClCompile>
    <ClCompile Include="Devices\Device.cpp">
      <Filter>Source\Devices</Filter>
    </ClCompile>
    <ClCompile Include="Motherboard\Motherboard.cpp">
      <Filter>Source\Motherboard</Filter>
    </ClCompile>
    <ClCompile Include="Motherboard\Motherboard_Thread.cpp">
      <Filter>Source\Motherboard</Filter>
    </ClCompile>
    <ClCompile Include="Motherboard\Motherboard_Board.cpp">
      <Filter>Source\Motherboard</Filter>
    </ClCompile>
    <ClCompile Include="Motherboard\Motherboard_ClockGenerator.cpp">
      <Filter>Source\Motherboard</Filter>
    </ClCompile>
    <ClCompile Include="Devices\Memory\EPROM.cpp">
      <Filter>Source\Devices\Memory</Filter>
    </ClCompile>
    <ClCompile Include="Devices\Memory\DRAM.cpp">
      <Filter>Source\Devices\Memory</Filter>
    </ClCompile>
    <ClCompile Include="Devices\CPU\Z80.cpp">
      <Filter>Source\Devices\CPU</Filter>
    </ClCompile>
    <ClCompile Include="Devices\ControlUnit\ULA.cpp">
      <Filter>Source\Devices\ControlUnit</Filter>
    </ClCompile>
    <ClCompile Include="Devices\ControlUnit\AccessToROM.cpp">
      <Filter>Source\Devices\ControlUnit</Filter>
    </ClCompile>
    <ClCompile Include="Devices\CPU\Z80_Unprefixed.cpp">
      <Filter>Source\Devices\CPU</Filter>
    </ClCompile>
    <ClCompile Include="Devices\CPU\Z80_Cycle.cpp">
      <Filter>Source\Devices\CPU</Filter>
    </ClCompile>
    <ClCompile Include="Core\Image.cpp">
      <Filter>Source\Core</Filter>
    </ClCompile>
    <ClCompile Include="Utils\UI\Draw_Oscillogram.cpp">
      <Filter>Source\Utils\UI</Filter>
    </ClCompile>
    <ClCompile Include="Utils\UI\Draw.cpp">
      <Filter>Source\Utils\UI</Filter>
    </ClCompile>
    <ClCompile Include="Utils\Signal\Bus.cpp">
      <Filter>Source\Utils\Signal</Filter>
    </ClCompile>
    <ClCompile Include="Utils\Signal\OscillogramManager.cpp">
      <Filter>Source\Utils\Signal</Filter>
    </ClCompile>
    <ClCompile Include="AppSprite.cpp">
      <Filter>Source</Filter>
    </ClCompile>
    <ClCompile Include="Window\Debugger\CallStack.cpp">
      <Filter>Source\Window\Debugger</Filter>
    </ClCompile>
    <ClCompile Include="Window\Debugger\CPU_State.cpp">
      <Filter>Source\Window\Debugger</Filter>
    </ClCompile>
    <ClCompile Include="Window\Debugger\Disassembler.cpp">
      <Filter>Source\Window\Debugger</Filter>
    </ClCompile>
    <ClCompile Include="Window\Debugger\MemoryDump.cpp">
      <Filter>Source\Window\Debugger</Filter>
    </ClCompile>
    <ClCompile Include="Window\Debugger\Oscillograph.cpp">
      <Filter>Source\Window\Debugger</Filter>
    </ClCompile>
    <ClCompile Include="Window\Debugger\Screen.cpp">
      <Filter>Source\Window\Debugger</Filter>
    </ClCompile>
    <ClCompile Include="Window\Debugger\Viewer.cpp">
      <Filter>Source\Window\Debugger</Filter>
    </ClCompile>
    <ClCompile Include="AppMain.cpp">
      <Filter>Source</Filter>
    </ClCompile>
    <ClCompile Include="Window\Sprite\Palette.cpp">
      <Filter>Source\Window\Sprite</Filter>
    </ClCompile>
    <ClCompile Include="Core\ViewerBase.cpp">
      <Filter>Source\Core</Filter>
    </ClCompile>
    <ClCompile Include="Window\Sprite\Canvas.cpp">
      <Filter>Source\Window\Sprite</Filter>
    </ClCompile>
    <ClCompile Include="Window\Sprite\ToolBar.cpp">
      <Filter>Source\Window\Sprite</Filter>
    </ClCompile>
    <ClCompile Include="Window\Sprite\StatusBar.cpp">
      <Filter>Source\Window\Sprite</Filter>
    </ClCompile>
    <ClCompile Include="Window\Sprite\SpriteList.cpp">
      <Filter>Source\Window\Sprite</Filter>
    </ClCompile>
    <ClCompile Include="Utils\UI\Draw_ZXColorVideo.cpp">
      <Filter>Source\Utils\UI</Filter>
    </ClCompile>
  </ItemGroup>
  <ItemGroup>
    <Filter Include="Source">
      <UniqueIdentifier>{aed5e4ca-b4bb-4ef6-9ba1-29a4a748d904}</UniqueIdentifier>
    </Filter>
    <Filter Include="Source\Core">
      <UniqueIdentifier>{aa47d757-f422-4131-bc3d-8866c7515b5e}</UniqueIdentifier>
    </Filter>
    <Filter Include="Source\Utils">
      <UniqueIdentifier>{afbd7a7c-8911-4d26-9110-7a1d19bd6874}</UniqueIdentifier>
    </Filter>
    <Filter Include="Resource">
      <UniqueIdentifier>{8ca9f9e2-6bd3-48f1-b3ea-95ef503ff9d4}</UniqueIdentifier>
    </Filter>
    <Filter Include="Resource\Icons">
      <UniqueIdentifier>{370665a9-1906-4005-b62c-8881fcd0b928}</UniqueIdentifier>
    </Filter>
    <Filter Include="Source\Fonts">
      <UniqueIdentifier>{10167a15-6ebe-4054-91de-624a9c4b1ac6}</UniqueIdentifier>
    </Filter>
    <Filter Include="Source\Devices">
      <UniqueIdentifier>{da244cd7-3668-48fc-b3bd-685945910293}</UniqueIdentifier>
    </Filter>
    <Filter Include="Source\Devices\IO">
      <UniqueIdentifier>{e70944b0-e15b-4af9-ab5f-c58279c68daf}</UniqueIdentifier>
    </Filter>
    <Filter Include="Source\Motherboard">
      <UniqueIdentifier>{5053b1c5-0ce1-4216-907e-b8eebc026a26}</UniqueIdentifier>
    </Filter>
    <Filter Include="Source\Devices\Memory">
      <UniqueIdentifier>{59597619-e404-4236-a417-2c3ca5b0ca26}</UniqueIdentifier>
    </Filter>
    <Filter Include="Source\Devices\CPU">
      <UniqueIdentifier>{97ab3ea0-69b3-4f1b-a692-2a48e8a33e94}</UniqueIdentifier>
    </Filter>
    <Filter Include="Source\Devices\ControlUnit">
      <UniqueIdentifier>{3c14826d-21c9-4dd2-a31f-63d36f80b033}</UniqueIdentifier>
    </Filter>
    <Filter Include="Resource\Shader">
      <UniqueIdentifier>{f7dfec79-173a-4415-89e7-381d1e7fd4e3}</UniqueIdentifier>
    </Filter>
    <Filter Include="Source\Window">
      <UniqueIdentifier>{905d5010-68d0-4f39-af23-abad60e5540c}</UniqueIdentifier>
    </Filter>
    <Filter Include="Source\Utils\UI">
      <UniqueIdentifier>{e5330dda-8828-48b9-a899-e21ccc642fa3}</UniqueIdentifier>
    </Filter>
    <Filter Include="Source\Utils\Signal">
      <UniqueIdentifier>{e3a06c7b-62e2-4856-88dc-d0be94c4225d}</UniqueIdentifier>
    </Filter>
    <Filter Include="Source\Window\Debugger">
      <UniqueIdentifier>{7cc508f7-9729-48ce-b25b-37aa47c52f04}</UniqueIdentifier>
    </Filter>
    <Filter Include="Source\Window\Sprite">
      <UniqueIdentifier>{3bde3ced-6491-4c62-85e0-ef2bbb199dbc}</UniqueIdentifier>
    </Filter>
  </ItemGroup>
  <ItemGroup>
    <ClInclude Include="Core\AppFramework.h">
      <Filter>Source\Core</Filter>
    </ClInclude>
    <ClInclude Include="Core\CoreMinimal.h">
      <Filter>Source\Core</Filter>
    </ClInclude>
    <ClInclude Include="Utils\Char.h">
      <Filter>Source\Utils</Filter>
    </ClInclude>
    <ClInclude Include="Utils\Delegates.h">
      <Filter>Source\Utils</Filter>
    </ClInclude>
    <ClInclude Include="Utils\Log.h">
      <Filter>Source\Utils</Filter>
    </ClInclude>
    <ClInclude Include="Utils\Math_.h">
      <Filter>Source\Utils</Filter>
    </ClInclude>
    <ClInclude Include="resource.h">
      <Filter>Resource</Filter>
    </ClInclude>
    <ClInclude Include="AppDebugger.h">
      <Filter>Source</Filter>
    </ClInclude>
    <ClInclude Include="Core\Window.h">
      <Filter>Source\Core</Filter>
    </ClInclude>
    <ClInclude Include="Core\Fonts.h">
      <Filter>Source\Core</Filter>
    </ClInclude>
    <ClInclude Include="Core\SystemTime.h">
      <Filter>Source\Core</Filter>
    </ClInclude>
    <ClInclude Include="Utils\Name.h">
      <Filter>Source\Utils</Filter>
    </ClInclude>
    <ClInclude Include="Core\TimerManager.h">
      <Filter>Source\Core</Filter>
    </ClInclude>
    <ClInclude Include="Devices\IO\Keyboard.h">
      <Filter>Source\Devices\IO</Filter>
    </ClInclude>
    <ClInclude Include="Devices\IO\Beeper.h">
      <Filter>Source\Devices\IO</Filter>
    </ClInclude>
    <ClInclude Include="Utils\Register.h">
      <Filter>Source\Utils</Filter>
    </ClInclude>
    <ClInclude Include="Devices\Device.h">
      <Filter>Source\Devices</Filter>
    </ClInclude>
    <ClInclude Include="Utils\Queue.h">
      <Filter>Source\Utils</Filter>
    </ClInclude>
    <ClInclude Include="Motherboard\Motherboard.h">
      <Filter>Source\Motherboard</Filter>
    </ClInclude>
    <ClInclude Include="Motherboard\Motherboard_Thread.h">
      <Filter>Source\Motherboard</Filter>
    </ClInclude>
    <ClInclude Include="Motherboard\Motherboard_Board.h">
      <Filter>Source\Motherboard</Filter>
    </ClInclude>
    <ClInclude Include="Utils\Hotkey.h">
      <Filter>Source\Utils</Filter>
    </ClInclude>
    <ClInclude Include="Motherboard\Motherboard_ClockGenerator.h">
      <Filter>Source\Motherboard</Filter>
    </ClInclude>
    <ClInclude Include="Devices\Memory\EPROM.h">
      <Filter>Source\Devices\Memory</Filter>
    </ClInclude>
    <ClInclude Include="Devices\Memory\DRAM.h">
      <Filter>Source\Devices\Memory</Filter>
    </ClInclude>
    <ClInclude Include="Devices\CPU\Z80.h">
      <Filter>Source\Devices\CPU</Filter>
    </ClInclude>
    <ClInclude Include="Devices\ControlUnit\ULA.h">
      <Filter>Source\Devices\ControlUnit</Filter>
    </ClInclude>
    <ClInclude Include="Devices\ControlUnit\AccessToROM.h">
      <Filter>Source\Devices\ControlUnit</Filter>
    </ClInclude>
    <ClInclude Include="Utils\Pipeline.h">
      <Filter>Source\Utils</Filter>
    </ClInclude>
    <ClInclude Include="Devices\Memory\Interface_Memory.h">
      <Filter>Source\Devices\Memory</Filter>
    </ClInclude>
    <ClInclude Include="Utils\Memory.h">
      <Filter>Source\Utils</Filter>
    </ClInclude>
    <ClInclude Include="Utils\ScopeExit.h">
      <Filter>Source\Utils</Filter>
    </ClInclude>
    <ClInclude Include="Core\Image.h">
      <Filter>Source\Core</Filter>
    </ClInclude>
    <ClInclude Include="Devices\CPU\Interface_CPU_Z80.h">
      <Filter>Source\Devices\CPU</Filter>
    </ClInclude>
    <ClInclude Include="Utils\ProfilerScope.h">
      <Filter>Source\Utils</Filter>
    </ClInclude>
    <ClInclude Include="Utils\Shader.h">
      <Filter>Source\Utils</Filter>
    </ClInclude>
    <ClInclude Include="Utils\Resource.h">
      <Filter>Source\Utils</Filter>
    </ClInclude>
    <ClInclude Include="Core\Transform.h">
      <Filter>Source\Core</Filter>
    </ClInclude>
    <ClInclude Include="Devices\ControlUnit\Interface_Display.h">
      <Filter>Source\Devices\ControlUnit</Filter>
    </ClInclude>
    <ClInclude Include="Utils\UI\Draw_Oscillogram.h">
      <Filter>Source\Utils\UI</Filter>
    </ClInclude>
    <ClInclude Include="Utils\UI\Draw.h">
      <Filter>Source\Utils\UI</Filter>
    </ClInclude>
    <ClInclude Include="Utils\Signal\Bus.h">
      <Filter>Source\Utils\Signal</Filter>
    </ClInclude>
    <ClInclude Include="Utils\Signal\OscillogramManager.h">
      <Filter>Source\Utils\Signal</Filter>
    </ClInclude>
    <ClInclude Include="AppSprite.h">
      <Filter>Source</Filter>
    </ClInclude>
    <ClInclude Include="Window\Debugger\CallStack.h">
      <Filter>Source\Window\Debugger</Filter>
    </ClInclude>
    <ClInclude Include="Window\Debugger\CPU_State.h">
      <Filter>Source\Window\Debugger</Filter>
    </ClInclude>
    <ClInclude Include="Window\Debugger\Disassembler.h">
      <Filter>Source\Window\Debugger</Filter>
    </ClInclude>
    <ClInclude Include="Window\Debugger\MemoryDump.h">
      <Filter>Source\Window\Debugger</Filter>
    </ClInclude>
    <ClInclude Include="Window\Debugger\Oscillograph.h">
      <Filter>Source\Window\Debugger</Filter>
    </ClInclude>
    <ClInclude Include="Window\Debugger\Screen.h">
      <Filter>Source\Window\Debugger</Filter>
    </ClInclude>
    <ClInclude Include="Window\Debugger\Viewer.h">
      <Filter>Source\Window\Debugger</Filter>
    </ClInclude>
    <ClInclude Include="AppMain.h">
      <Filter>Source</Filter>
    </ClInclude>
    <ClInclude Include="Window\Debugger\Definition.h">
      <Filter>Source\Window\Debugger</Filter>
    </ClInclude>
    <ClInclude Include="Window\Sprite\Definition.h">
      <Filter>Source\Window\Sprite</Filter>
    </ClInclude>
    <ClInclude Include="Window\Debugger\Interface_WindowEventNotification.h">
      <Filter>Source\Window\Debugger</Filter>
    </ClInclude>
    <ClInclude Include="Core\Event.h">
      <Filter>Source\Core</Filter>
    </ClInclude>
    <ClInclude Include="Core\ViewerBase.h">
      <Filter>Source\Core</Filter>
    </ClInclude>
    <ClInclude Include="Window\Sprite\Palette.h">
      <Filter>Source\Window\Sprite</Filter>
    </ClInclude>
    <ClInclude Include="Window\Sprite\Canvas.h">
      <Filter>Source\Window\Sprite</Filter>
    </ClInclude>
    <ClInclude Include="Window\Sprite\ToolBar.h">
      <Filter>Source\Window\Sprite</Filter>
    </ClInclude>
    <ClInclude Include="Window\Sprite\StatusBar.h">
      <Filter>Source\Window\Sprite</Filter>
    </ClInclude>
    <ClInclude Include="Window\Sprite\SpriteList.h">
      <Filter>Source\Window\Sprite</Filter>
    </ClInclude>
    <ClInclude Include="Utils\UI\Draw_ZXColorVideo.h">
      <Filter>Source\Utils\UI</Filter>
    </ClInclude>
  </ItemGroup>
  <ItemGroup>
    <Image Include="..\Resource\Icons\ICONE.ico">
      <Filter>Resource\Icons</Filter>
    </Image>
    <Image Include="..\Resource\Icons\ArrowRight.png">
      <Filter>Resource\Icons</Filter>
    </Image>
  </ItemGroup>
  <ItemGroup>
    <ResourceCompile Include="ZX-Debugger.rc">
      <Filter>Resource</Filter>
    </ResourceCompile>
  </ItemGroup>
  <ItemGroup>
    <None Include="Utils\Name_DefaultNames.inl">
      <Filter>Source\Utils</Filter>
    </None>
    <None Include="Core\Font_DefaultNames.inl">
      <Filter>Source\Core</Filter>
    </None>
    <None Include="..\Resource\Shader\Grid.hlsl">
      <Filter>Resource\Shader</Filter>
    </None>
    <None Include="Utils\UI\DefaultColor.inl">
      <Filter>Source\Utils\UI</Filter>
    </None>
    <None Include="Utils\Signal\BusNames.inl">
      <Filter>Source\Utils\Signal</Filter>
    </None>
  </ItemGroup>
  <ItemGroup>
    <Natvis Include="..\test.natvis" />
  </ItemGroup>
</Project>